
Microsoft Visual Studio Solution File, Format Version 12.00
# Visual Studio Version 17
VisualStudioVersion = 17.13.35806.99
MinimumVisualStudioVersion = 10.0.40219.1
Project("{FAE04EC0-301F-11D3-BF4B-00C04F79EFBC}") = "Task_Microservice", "Task_Microservice\Task_Microservice.csproj", "{5E50152A-069B-4CBC-B06A-D15CCB3CA826}"
EndProject
Project("{FAE04EC0-301F-11D3-BF4B-00C04F79EFBC}") = "Task_Microservice_UnitTest", "Task_Microservice_UnitTest\Task_Microservice_UnitTest.csproj", "{9F7F9713-9A37-420D-87F7-E8C03F2559C0}"
EndProject
Project("{FAE04EC0-301F-11D3-BF4B-00C04F79EFBC}") = "Intranet_Frontend", "Intranet_Frontend\Intranet_Frontend.csproj", "{87208440-E203-4318-840D-690AFD093A6D}"
EndProject
Project("{FAE04EC0-301F-11D3-BF4B-00C04F79EFBC}") = "HumanResource_Microservice", "HumanResource_Microservice\HumanResource_Microservice.csproj", "{51F70322-3663-4E5C-918B-CC302EA32840}"
EndProject
Project("{FAE04EC0-301F-11D3-BF4B-00C04F79EFBC}") = "HumanResource_Microservice_UnitTest", "HumanResource_Microservice_UnitTest\HumanResource_Microservice_UnitTest.csproj", "{B7B9230E-7577-4169-9619-94780C265C0E}"
EndProject
Project("{FAE04EC0-301F-11D3-BF4B-00C04F79EFBC}") = "IntranetLibrary", "IntranetLibrary\IntranetLibrary.csproj", "{327993B8-7D3D-4AFF-8715-D53908FCBF70}"
EndProject
Global
	GlobalSection(SolutionConfigurationPlatforms) = preSolution
		Debug|Any CPU = Debug|Any CPU
		Release|Any CPU = Release|Any CPU
	EndGlobalSection
	GlobalSection(ProjectConfigurationPlatforms) = postSolution
		{5E50152A-069B-4CBC-B06A-D15CCB3CA826}.Debug|Any CPU.ActiveCfg = Debug|Any CPU
		{5E50152A-069B-4CBC-B06A-D15CCB3CA826}.Debug|Any CPU.Build.0 = Debug|Any CPU
		{5E50152A-069B-4CBC-B06A-D15CCB3CA826}.Release|Any CPU.ActiveCfg = Release|Any CPU
		{5E50152A-069B-4CBC-B06A-D15CCB3CA826}.Release|Any CPU.Build.0 = Release|Any CPU
		{9F7F9713-9A37-420D-87F7-E8C03F2559C0}.Debug|Any CPU.ActiveCfg = Debug|Any CPU
		{9F7F9713-9A37-420D-87F7-E8C03F2559C0}.Debug|Any CPU.Build.0 = Debug|Any CPU
		{9F7F9713-9A37-420D-87F7-E8C03F2559C0}.Release|Any CPU.ActiveCfg = Release|Any CPU
		{9F7F9713-9A37-420D-87F7-E8C03F2559C0}.Release|Any CPU.Build.0 = Release|Any CPU
		{87208440-E203-4318-840D-690AFD093A6D}.Debug|Any CPU.ActiveCfg = Debug|Any CPU
		{87208440-E203-4318-840D-690AFD093A6D}.Debug|Any CPU.Build.0 = Debug|Any CPU
		{87208440-E203-4318-840D-690AFD093A6D}.Release|Any CPU.ActiveCfg = Release|Any CPU
		{87208440-E203-4318-840D-690AFD093A6D}.Release|Any CPU.Build.0 = Release|Any CPU
		{51F70322-3663-4E5C-918B-CC302EA32840}.Debug|Any CPU.ActiveCfg = Debug|Any CPU
		{51F70322-3663-4E5C-918B-CC302EA32840}.Debug|Any CPU.Build.0 = Debug|Any CPU
		{51F70322-3663-4E5C-918B-CC302EA32840}.Release|Any CPU.ActiveCfg = Release|Any CPU
		{51F70322-3663-4E5C-918B-CC302EA32840}.Release|Any CPU.Build.0 = Release|Any CPU
		{B7B9230E-7577-4169-9619-94780C265C0E}.Debug|Any CPU.ActiveCfg = Debug|Any CPU
		{B7B9230E-7577-4169-9619-94780C265C0E}.Debug|Any CPU.Build.0 = Debug|Any CPU
		{B7B9230E-7577-4169-9619-94780C265C0E}.Release|Any CPU.ActiveCfg = Release|Any CPU
		{B7B9230E-7577-4169-9619-94780C265C0E}.Release|Any CPU.Build.0 = Release|Any CPU
		{327993B8-7D3D-4AFF-8715-D53908FCBF70}.Debug|Any CPU.ActiveCfg = Debug|Any CPU
		{327993B8-7D3D-4AFF-8715-D53908FCBF70}.Debug|Any CPU.Build.0 = Debug|Any CPU
		{327993B8-7D3D-4AFF-8715-D53908FCBF70}.Release|Any CPU.ActiveCfg = Release|Any CPU
		{327993B8-7D3D-4AFF-8715-D53908FCBF70}.Release|Any CPU.Build.0 = Release|Any CPU
	EndGlobalSection
	GlobalSection(SolutionProperties) = preSolution
		HideSolutionNode = FALSE
	EndGlobalSection
	GlobalSection(ExtensibilityGlobals) = postSolution
		SolutionGuid = {18FA3EA3-2C47-42A6-80AB-504E5C511488}
	EndGlobalSection
EndGlobal
